
Microsoft Visual Studio Solution File, Format Version 12.00
# Visual Studio Version 16
VisualStudioVersion = 16.0.34301.259
MinimumVisualStudioVersion = 10.0.40219.1
Project("{8BC9CEB8-8B4A-11D0-8D11-00A0C91BC942}") = "CMPSC Lab 11", "CMPSC Lab 11\CMPSC Lab 11.vcxproj", "{6D71965D-56F7-4243-B22B-1E8E76EE90EA}"
EndProject
Global
	GlobalSection(SolutionConfigurationPlatforms) = preSolution
		Debug|x64 = Debug|x64
		Debug|x86 = Debug|x86
		Release|x64 = Release|x64
		Release|x86 = Release|x86
	EndGlobalSection
	GlobalSection(ProjectConfigurationPlatforms) = postSolution
		{6D71965D-56F7-4243-B22B-1E8E76EE90EA}.Debug|x64.ActiveCfg = Debug|x64
		{6D71965D-56F7-4243-B22B-1E8E76EE90EA}.Debug|x64.Build.0 = Debug|x64
		{6D71965D-56F7-4243-B22B-1E8E76EE90EA}.Debug|x86.ActiveCfg = Debug|Win32
		{6D71965D-56F7-4243-B22B-1E8E76EE90EA}.Debug|x86.Build.0 = Debug|Win32
		{6D71965D-56F7-4243-B22B-1E8E76EE90EA}.Release|x64.ActiveCfg = Release|x64
		{6D71965D-56F7-4243-B22B-1E8E76EE90EA}.Release|x64.Build.0 = Release|x64
		{6D71965D-56F7-4243-B22B-1E8E76EE90EA}.Release|x86.ActiveCfg = Release|Win32
		{6D71965D-56F7-4243-B22B-1E8E76EE90EA}.Release|x86.Build.0 = Release|Win32
	EndGlobalSection
	GlobalSection(SolutionProperties) = preSolution
		HideSolutionNode = FALSE
	EndGlobalSection
	GlobalSection(ExtensibilityGlobals) = postSolution
		SolutionGuid = {7CB44D59-4F78-4295-94F9-1568AE819F7B}
	EndGlobalSection
EndGlobal
