
Microsoft Visual Studio Solution File, Format Version 12.00
# Visual Studio Version 16
VisualStudioVersion = 16.0.34301.259
MinimumVisualStudioVersion = 10.0.40219.1
Project("{8BC9CEB8-8B4A-11D0-8D11-00A0C91BC942}") = "CMPSC Activity 15", "CMPSC Activity 15\CMPSC Activity 15.vcxproj", "{E25C30B3-6C34-48CD-BF7E-819549FAEC06}"
EndProject
Global
	GlobalSection(SolutionConfigurationPlatforms) = preSolution
		Debug|x64 = Debug|x64
		Debug|x86 = Debug|x86
		Release|x64 = Release|x64
		Release|x86 = Release|x86
	EndGlobalSection
	GlobalSection(ProjectConfigurationPlatforms) = postSolution
		{E25C30B3-6C34-48CD-BF7E-819549FAEC06}.Debug|x64.ActiveCfg = Debug|x64
		{E25C30B3-6C34-48CD-BF7E-819549FAEC06}.Debug|x64.Build.0 = Debug|x64
		{E25C30B3-6C34-48CD-BF7E-819549FAEC06}.Debug|x86.ActiveCfg = Debug|Win32
		{E25C30B3-6C34-48CD-BF7E-819549FAEC06}.Debug|x86.Build.0 = Debug|Win32
		{E25C30B3-6C34-48CD-BF7E-819549FAEC06}.Release|x64.ActiveCfg = Release|x64
		{E25C30B3-6C34-48CD-BF7E-819549FAEC06}.Release|x64.Build.0 = Release|x64
		{E25C30B3-6C34-48CD-BF7E-819549FAEC06}.Release|x86.ActiveCfg = Release|Win32
		{E25C30B3-6C34-48CD-BF7E-819549FAEC06}.Release|x86.Build.0 = Release|Win32
	EndGlobalSection
	GlobalSection(SolutionProperties) = preSolution
		HideSolutionNode = FALSE
	EndGlobalSection
	GlobalSection(ExtensibilityGlobals) = postSolution
		SolutionGuid = {524F9049-012D-4316-B6FD-25B57860FD7C}
	EndGlobalSection
EndGlobal
